
Microsoft Visual Studio Solution File, Format Version 12.00
# Visual Studio Version 17
VisualStudioVersion = 17.5.33516.290
MinimumVisualStudioVersion = 10.0.40219.1
Project("{FAE04EC0-301F-11D3-BF4B-00C04F79EFBC}") = "Second Form", "Second Form.csproj", "{9618D33E-4AAA-45A7-B4DF-49266781455B}"
EndProject
Global
	GlobalSection(SolutionConfigurationPlatforms) = preSolution
		Debug|Any CPU = Debug|Any CPU
		Release|Any CPU = Release|Any CPU
	EndGlobalSection
	GlobalSection(ProjectConfigurationPlatforms) = postSolution
		{9618D33E-4AAA-45A7-B4DF-49266781455B}.Debug|Any CPU.ActiveCfg = Debug|Any CPU
		{9618D33E-4AAA-45A7-B4DF-49266781455B}.Debug|Any CPU.Build.0 = Debug|Any CPU
		{9618D33E-4AAA-45A7-B4DF-49266781455B}.Release|Any CPU.ActiveCfg = Release|Any CPU
		{9618D33E-4AAA-45A7-B4DF-49266781455B}.Release|Any CPU.Build.0 = Release|Any CPU
	EndGlobalSection
	GlobalSection(SolutionProperties) = preSolution
		HideSolutionNode = FALSE
	EndGlobalSection
	GlobalSection(ExtensibilityGlobals) = postSolution
		SolutionGuid = {62DFFB7B-B330-406E-91A7-F7A5D1989131}
	EndGlobalSection
EndGlobal
